// !$*UTF8*$!
{
	archiveVersion = 1;
	classes = {
	};
	objectVersion = 56;
	objects = {

/* Begin PBXBuildFile section */
		5A3750E6296C1C0A00045E9D /* Eatzilla_SwiftUIApp.swift in Sources */ = {isa = PBXBuildFile; fileRef = 5A3750E5296C1C0A00045E9D /* Eatzilla_SwiftUIApp.swift */; };
		5A3750E8296C1C0A00045E9D /* ContentView.swift in Sources */ = {isa = PBXBuildFile; fileRef = 5A3750E7296C1C0A00045E9D /* ContentView.swift */; };
		5A3750EA296C1C0C00045E9D /* Assets.xcassets in Resources */ = {isa = PBXBuildFile; fileRef = 5A3750E9296C1C0C00045E9D /* Assets.xcassets */; };
		5A3750ED296C1C0C00045E9D /* Preview Assets.xcassets in Resources */ = {isa = PBXBuildFile; fileRef = 5A3750EC296C1C0C00045E9D /* Preview Assets.xcassets */; };
		5A3750F7296C1C0D00045E9D /* Eatzilla_SwiftUITests.swift in Sources */ = {isa = PBXBuildFile; fileRef = 5A3750F6296C1C0D00045E9D /* Eatzilla_SwiftUITests.swift */; };
		5A375101296C1C0D00045E9D /* Eatzilla_SwiftUIUITests.swift in Sources */ = {isa = PBXBuildFile; fileRef = 5A375100296C1C0D00045E9D /* Eatzilla_SwiftUIUITests.swift */; };
		5A375103296C1C0D00045E9D /* Eatzilla_SwiftUIUITestsLaunchTests.swift in Sources */ = {isa = PBXBuildFile; fileRef = 5A375102296C1C0D00045E9D /* Eatzilla_SwiftUIUITestsLaunchTests.swift */; };
		5A398826299CE6CE00E124BF /* CuisinesView.swift in Sources */ = {isa = PBXBuildFile; fileRef = 5A398825299CE6CE00E124BF /* CuisinesView.swift */; };
		5A398828299CF48100E124BF /* PopularBrandsView.swift in Sources */ = {isa = PBXBuildFile; fileRef = 5A398827299CF48100E124BF /* PopularBrandsView.swift */; };
		5A765654299E3B53005BC8A3 /* BannersModel.swift in Sources */ = {isa = PBXBuildFile; fileRef = 5A765653299E3B53005BC8A3 /* BannersModel.swift */; };
		5A765656299E3BB0005BC8A3 /* BannersView.swift in Sources */ = {isa = PBXBuildFile; fileRef = 5A765655299E3BB0005BC8A3 /* BannersView.swift */; };
		5A779C63299DF52F00CBA0F1 /* NetworkClass.swift in Sources */ = {isa = PBXBuildFile; fileRef = 5A779C62299DF52F00CBA0F1 /* NetworkClass.swift */; };
		5A779C65299DF7F800CBA0F1 /* Constants.swift in Sources */ = {isa = PBXBuildFile; fileRef = 5A779C64299DF7F800CBA0F1 /* Constants.swift */; };
		5A779C67299E01D600CBA0F1 /* CuisinesModel.swift in Sources */ = {isa = PBXBuildFile; fileRef = 5A779C66299E01D600CBA0F1 /* CuisinesModel.swift */; };
		5A779C69299E291200CBA0F1 /* PopularBrandsModel.swift in Sources */ = {isa = PBXBuildFile; fileRef = 5A779C68299E291200CBA0F1 /* PopularBrandsModel.swift */; };
		5AB17076299B548E00EC5890 /* DashboardView.swift in Sources */ = {isa = PBXBuildFile; fileRef = 5AB17075299B548E00EC5890 /* DashboardView.swift */; };
		5AB17078299B567300EC5890 /* Appcolors.swift in Sources */ = {isa = PBXBuildFile; fileRef = 5AB17077299B567300EC5890 /* Appcolors.swift */; };
		5AB1707A299B92A600EC5890 /* LoginCellView.swift in Sources */ = {isa = PBXBuildFile; fileRef = 5AB17079299B92A600EC5890 /* LoginCellView.swift */; };
		5AB1707C299BA24B00EC5890 /* UIScreen+Extension.swift in Sources */ = {isa = PBXBuildFile; fileRef = 5AB1707B299BA24B00EC5890 /* UIScreen+Extension.swift */; };
		5ABE73F1299F5FB700A01778 /* SearchViewController.swift in Sources */ = {isa = PBXBuildFile; fileRef = 5ABE73F0299F5FB700A01778 /* SearchViewController.swift */; };
		5ABE73F3299FAAEA00A01778 /* NearByRestaurantsModel.swift in Sources */ = {isa = PBXBuildFile; fileRef = 5ABE73F2299FAAEA00A01778 /* NearByRestaurantsModel.swift */; };
		5AFCD694299A0D8F004E1C11 /* SplashView.swift in Sources */ = {isa = PBXBuildFile; fileRef = 5AFCD693299A0D8F004E1C11 /* SplashView.swift */; };
/* End PBXBuildFile section */

/* Begin PBXContainerItemProxy section */
		5A3750F3296C1C0D00045E9D /* PBXContainerItemProxy */ = {
			isa = PBXContainerItemProxy;
			containerPortal = 5A3750DA296C1C0900045E9D /* Project object */;
			proxyType = 1;
			remoteGlobalIDString = 5A3750E1296C1C0A00045E9D;
			remoteInfo = "Eatzilla-SwiftUI";
		};
		5A3750FD296C1C0D00045E9D /* PBXContainerItemProxy */ = {
			isa = PBXContainerItemProxy;
			containerPortal = 5A3750DA296C1C0900045E9D /* Project object */;
			proxyType = 1;
			remoteGlobalIDString = 5A3750E1296C1C0A00045E9D;
			remoteInfo = "Eatzilla-SwiftUI";
		};
/* End PBXContainerItemProxy section */

/* Begin PBXFileReference section */
		5A3750E2296C1C0A00045E9D /* Eatzilla-SwiftUI.app */ = {isa = PBXFileReference; explicitFileType = wrapper.application; includeInIndex = 0; path = "Eatzilla-SwiftUI.app"; sourceTree = BUILT_PRODUCTS_DIR; };
		5A3750E5296C1C0A00045E9D /* Eatzilla_SwiftUIApp.swift */ = {isa = PBXFileReference; lastKnownFileType = sourcecode.swift; path = Eatzilla_SwiftUIApp.swift; sourceTree = "<group>"; };
		5A3750E7296C1C0A00045E9D /* ContentView.swift */ = {isa = PBXFileReference; lastKnownFileType = sourcecode.swift; path = ContentView.swift; sourceTree = "<group>"; };
		5A3750E9296C1C0C00045E9D /* Assets.xcassets */ = {isa = PBXFileReference; lastKnownFileType = folder.assetcatalog; path = Assets.xcassets; sourceTree = "<group>"; };
		5A3750EC296C1C0C00045E9D /* Preview Assets.xcassets */ = {isa = PBXFileReference; lastKnownFileType = folder.assetcatalog; path = "Preview Assets.xcassets"; sourceTree = "<group>"; };
		5A3750F2296C1C0D00045E9D /* Eatzilla-SwiftUITests.xctest */ = {isa = PBXFileReference; explicitFileType = wrapper.cfbundle; includeInIndex = 0; path = "Eatzilla-SwiftUITests.xctest"; sourceTree = BUILT_PRODUCTS_DIR; };
		5A3750F6296C1C0D00045E9D /* Eatzilla_SwiftUITests.swift */ = {isa = PBXFileReference; lastKnownFileType = sourcecode.swift; path = Eatzilla_SwiftUITests.swift; sourceTree = "<group>"; };
		5A3750FC296C1C0D00045E9D /* Eatzilla-SwiftUIUITests.xctest */ = {isa = PBXFileReference; explicitFileType = wrapper.cfbundle; includeInIndex = 0; path = "Eatzilla-SwiftUIUITests.xctest"; sourceTree = BUILT_PRODUCTS_DIR; };
		5A375100296C1C0D00045E9D /* Eatzilla_SwiftUIUITests.swift */ = {isa = PBXFileReference; lastKnownFileType = sourcecode.swift; path = Eatzilla_SwiftUIUITests.swift; sourceTree = "<group>"; };
		5A375102296C1C0D00045E9D /* Eatzilla_SwiftUIUITestsLaunchTests.swift */ = {isa = PBXFileReference; lastKnownFileType = sourcecode.swift; path = Eatzilla_SwiftUIUITestsLaunchTests.swift; sourceTree = "<group>"; };
		5A398825299CE6CE00E124BF /* CuisinesView.swift */ = {isa = PBXFileReference; lastKnownFileType = sourcecode.swift; path = CuisinesView.swift; sourceTree = "<group>"; };
		5A398827299CF48100E124BF /* PopularBrandsView.swift */ = {isa = PBXFileReference; lastKnownFileType = sourcecode.swift; path = PopularBrandsView.swift; sourceTree = "<group>"; };
		5A765653299E3B53005BC8A3 /* BannersModel.swift */ = {isa = PBXFileReference; lastKnownFileType = sourcecode.swift; path = BannersModel.swift; sourceTree = "<group>"; };
		5A765655299E3BB0005BC8A3 /* BannersView.swift */ = {isa = PBXFileReference; lastKnownFileType = sourcecode.swift; path = BannersView.swift; sourceTree = "<group>"; };
		5A779C62299DF52F00CBA0F1 /* NetworkClass.swift */ = {isa = PBXFileReference; lastKnownFileType = sourcecode.swift; path = NetworkClass.swift; sourceTree = "<group>"; };
		5A779C64299DF7F800CBA0F1 /* Constants.swift */ = {isa = PBXFileReference; lastKnownFileType = sourcecode.swift; path = Constants.swift; sourceTree = "<group>"; };
		5A779C66299E01D600CBA0F1 /* CuisinesModel.swift */ = {isa = PBXFileReference; lastKnownFileType = sourcecode.swift; path = CuisinesModel.swift; sourceTree = "<group>"; };
		5A779C68299E291200CBA0F1 /* PopularBrandsModel.swift */ = {isa = PBXFileReference; lastKnownFileType = sourcecode.swift; path = PopularBrandsModel.swift; sourceTree = "<group>"; };
		5AB17075299B548E00EC5890 /* DashboardView.swift */ = {isa = PBXFileReference; lastKnownFileType = sourcecode.swift; path = DashboardView.swift; sourceTree = "<group>"; };
		5AB17077299B567300EC5890 /* Appcolors.swift */ = {isa = PBXFileReference; lastKnownFileType = sourcecode.swift; path = Appcolors.swift; sourceTree = "<group>"; };
		5AB17079299B92A600EC5890 /* LoginCellView.swift */ = {isa = PBXFileReference; lastKnownFileType = sourcecode.swift; path = LoginCellView.swift; sourceTree = "<group>"; };
		5AB1707B299BA24B00EC5890 /* UIScreen+Extension.swift */ = {isa = PBXFileReference; lastKnownFileType = sourcecode.swift; path = "UIScreen+Extension.swift"; sourceTree = "<group>"; };
		5ABE73F0299F5FB700A01778 /* SearchViewController.swift */ = {isa = PBXFileReference; lastKnownFileType = sourcecode.swift; path = SearchViewController.swift; sourceTree = "<group>"; };
		5ABE73F2299FAAEA00A01778 /* NearByRestaurantsModel.swift */ = {isa = PBXFileReference; lastKnownFileType = sourcecode.swift; path = NearByRestaurantsModel.swift; sourceTree = "<group>"; };
		5AFCD693299A0D8F004E1C11 /* SplashView.swift */ = {isa = PBXFileReference; lastKnownFileType = sourcecode.swift; path = SplashView.swift; sourceTree = "<group>"; };
		5AFCD695299A13FD004E1C11 /* Info.plist */ = {isa = PBXFileReference; lastKnownFileType = text.plist; path = Info.plist; sourceTree = "<group>"; };
/* End PBXFileReference section */

/* Begin PBXFrameworksBuildPhase section */
		5A3750DF296C1C0A00045E9D /* Frameworks */ = {
			isa = PBXFrameworksBuildPhase;
			buildActionMask = 2147483647;
			files = (
			);
			runOnlyForDeploymentPostprocessing = 0;
		};
		5A3750EF296C1C0D00045E9D /* Frameworks */ = {
			isa = PBXFrameworksBuildPhase;
			buildActionMask = 2147483647;
			files = (
			);
			runOnlyForDeploymentPostprocessing = 0;
		};
		5A3750F9296C1C0D00045E9D /* Frameworks */ = {
			isa = PBXFrameworksBuildPhase;
			buildActionMask = 2147483647;
			files = (
			);
			runOnlyForDeploymentPostprocessing = 0;
		};
/* End PBXFrameworksBuildPhase section */

/* Begin PBXGroup section */
		5A3750D9296C1C0900045E9D = {
			isa = PBXGroup;
			children = (
				5A3750E4296C1C0A00045E9D /* Eatzilla-SwiftUI */,
				5A3750F5296C1C0D00045E9D /* Eatzilla-SwiftUITests */,
				5A3750FF296C1C0D00045E9D /* Eatzilla-SwiftUIUITests */,
				5A3750E3296C1C0A00045E9D /* Products */,
			);
			sourceTree = "<group>";
		};
		5A3750E3296C1C0A00045E9D /* Products */ = {
			isa = PBXGroup;
			children = (
				5A3750E2296C1C0A00045E9D /* Eatzilla-SwiftUI.app */,
				5A3750F2296C1C0D00045E9D /* Eatzilla-SwiftUITests.xctest */,
				5A3750FC296C1C0D00045E9D /* Eatzilla-SwiftUIUITests.xctest */,
			);
			name = Products;
			sourceTree = "<group>";
		};
		5A3750E4296C1C0A00045E9D /* Eatzilla-SwiftUI */ = {
			isa = PBXGroup;
			children = (
				5AFCD695299A13FD004E1C11 /* Info.plist */,
				5A3750E5296C1C0A00045E9D /* Eatzilla_SwiftUIApp.swift */,
				5A3750E7296C1C0A00045E9D /* ContentView.swift */,
				5AFCD693299A0D8F004E1C11 /* SplashView.swift */,
				5ABE73F0299F5FB700A01778 /* SearchViewController.swift */,
				5A765657299E4303005BC8A3 /* Model */,
				5A398823299CE64E00E124BF /* DashboardView */,
				5A398824299CE66700E124BF /* Utils */,
				5A3750E9296C1C0C00045E9D /* Assets.xcassets */,
				5A3750EB296C1C0C00045E9D /* Preview Content */,
			);
			path = "Eatzilla-SwiftUI";
			sourceTree = "<group>";
		};
		5A3750EB296C1C0C00045E9D /* Preview Content */ = {
			isa = PBXGroup;
			children = (
				5A3750EC296C1C0C00045E9D /* Preview Assets.xcassets */,
			);
			path = "Preview Content";
			sourceTree = "<group>";
		};
		5A3750F5296C1C0D00045E9D /* Eatzilla-SwiftUITests */ = {
			isa = PBXGroup;
			children = (
				5A3750F6296C1C0D00045E9D /* Eatzilla_SwiftUITests.swift */,
			);
			path = "Eatzilla-SwiftUITests";
			sourceTree = "<group>";
		};
		5A3750FF296C1C0D00045E9D /* Eatzilla-SwiftUIUITests */ = {
			isa = PBXGroup;
			children = (
				5A375100296C1C0D00045E9D /* Eatzilla_SwiftUIUITests.swift */,
				5A375102296C1C0D00045E9D /* Eatzilla_SwiftUIUITestsLaunchTests.swift */,
			);
			path = "Eatzilla-SwiftUIUITests";
			sourceTree = "<group>";
		};
		5A398823299CE64E00E124BF /* DashboardView */ = {
			isa = PBXGroup;
			children = (
				5AB17075299B548E00EC5890 /* DashboardView.swift */,
				5AB17079299B92A600EC5890 /* LoginCellView.swift */,
				5A398825299CE6CE00E124BF /* CuisinesView.swift */,
				5A398827299CF48100E124BF /* PopularBrandsView.swift */,
				5A765655299E3BB0005BC8A3 /* BannersView.swift */,
			);
			path = DashboardView;
			sourceTree = "<group>";
		};
		5A398824299CE66700E124BF /* Utils */ = {
			isa = PBXGroup;
			children = (
				5AB17077299B567300EC5890 /* Appcolors.swift */,
				5AB1707B299BA24B00EC5890 /* UIScreen+Extension.swift */,
				5A779C62299DF52F00CBA0F1 /* NetworkClass.swift */,
				5A779C64299DF7F800CBA0F1 /* Constants.swift */,
			);
			path = Utils;
			sourceTree = "<group>";
		};
		5A765657299E4303005BC8A3 /* Model */ = {
			isa = PBXGroup;
			children = (
				5A779C66299E01D600CBA0F1 /* CuisinesModel.swift */,
				5A779C68299E291200CBA0F1 /* PopularBrandsModel.swift */,
				5A765653299E3B53005BC8A3 /* BannersModel.swift */,
				5ABE73F2299FAAEA00A01778 /* NearByRestaurantsModel.swift */,
			);
			path = Model;
			sourceTree = "<group>";
		};
/* End PBXGroup section */

/* Begin PBXNativeTarget section */
		5A3750E1296C1C0A00045E9D /* Eatzilla-SwiftUI */ = {
			isa = PBXNativeTarget;
			buildConfigurationList = 5A375106296C1C0D00045E9D /* Build configuration list for PBXNativeTarget "Eatzilla-SwiftUI" */;
			buildPhases = (
				5A3750DE296C1C0A00045E9D /* Sources */,
				5A3750DF296C1C0A00045E9D /* Frameworks */,
				5A3750E0296C1C0A00045E9D /* Resources */,
			);
			buildRules = (
			);
			dependencies = (
			);
			name = "Eatzilla-SwiftUI";
			productName = "Eatzilla-SwiftUI";
			productReference = 5A3750E2296C1C0A00045E9D /* Eatzilla-SwiftUI.app */;
			productType = "com.apple.product-type.application";
		};
		5A3750F1296C1C0D00045E9D /* Eatzilla-SwiftUITests */ = {
			isa = PBXNativeTarget;
			buildConfigurationList = 5A375109296C1C0D00045E9D /* Build configuration list for PBXNativeTarget "Eatzilla-SwiftUITests" */;
			buildPhases = (
				5A3750EE296C1C0D00045E9D /* Sources */,
				5A3750EF296C1C0D00045E9D /* Frameworks */,
				5A3750F0296C1C0D00045E9D /* Resources */,
			);
			buildRules = (
			);
			dependencies = (
				5A3750F4296C1C0D00045E9D /* PBXTargetDependency */,
			);
			name = "Eatzilla-SwiftUITests";
			productName = "Eatzilla-SwiftUITests";
			productReference = 5A3750F2296C1C0D00045E9D /* Eatzilla-SwiftUITests.xctest */;
			productType = "com.apple.product-type.bundle.unit-test";
		};
		5A3750FB296C1C0D00045E9D /* Eatzilla-SwiftUIUITests */ = {
			isa = PBXNativeTarget;
			buildConfigurationList = 5A37510C296C1C0D00045E9D /* Build configuration list for PBXNativeTarget "Eatzilla-SwiftUIUITests" */;
			buildPhases = (
				5A3750F8296C1C0D00045E9D /* Sources */,
				5A3750F9296C1C0D00045E9D /* Frameworks */,
				5A3750FA296C1C0D00045E9D /* Resources */,
			);
			buildRules = (
			);
			dependencies = (
				5A3750FE296C1C0D00045E9D /* PBXTargetDependency */,
			);
			name = "Eatzilla-SwiftUIUITests";
			productName = "Eatzilla-SwiftUIUITests";
			productReference = 5A3750FC296C1C0D00045E9D /* Eatzilla-SwiftUIUITests.xctest */;
			productType = "com.apple.product-type.bundle.ui-testing";
		};
/* End PBXNativeTarget section */

/* Begin PBXProject section */
		5A3750DA296C1C0900045E9D /* Project object */ = {
			isa = PBXProject;
			attributes = {
				BuildIndependentTargetsInParallel = 1;
				LastSwiftUpdateCheck = 1420;
				LastUpgradeCheck = 1420;
				TargetAttributes = {
					5A3750E1296C1C0A00045E9D = {
						CreatedOnToolsVersion = 14.2;
					};
					5A3750F1296C1C0D00045E9D = {
						CreatedOnToolsVersion = 14.2;
						TestTargetID = 5A3750E1296C1C0A00045E9D;
					};
					5A3750FB296C1C0D00045E9D = {
						CreatedOnToolsVersion = 14.2;
						TestTargetID = 5A3750E1296C1C0A00045E9D;
					};
				};
			};
			buildConfigurationList = 5A3750DD296C1C0900045E9D /* Build configuration list for PBXProject "Eatzilla-SwiftUI" */;
			compatibilityVersion = "Xcode 14.0";
			developmentRegion = en;
			hasScannedForEncodings = 0;
			knownRegions = (
				en,
				Base,
			);
			mainGroup = 5A3750D9296C1C0900045E9D;
			productRefGroup = 5A3750E3296C1C0A00045E9D /* Products */;
			projectDirPath = "";
			projectRoot = "";
			targets = (
				5A3750E1296C1C0A00045E9D /* Eatzilla-SwiftUI */,
				5A3750F1296C1C0D00045E9D /* Eatzilla-SwiftUITests */,
				5A3750FB296C1C0D00045E9D /* Eatzilla-SwiftUIUITests */,
			);
		};
/* End PBXProject section */

/* Begin PBXResourcesBuildPhase section */
		5A3750E0296C1C0A00045E9D /* Resources */ = {
			isa = PBXResourcesBuildPhase;
			buildActionMask = 2147483647;
			files = (
				5A3750ED296C1C0C00045E9D /* Preview Assets.xcassets in Resources */,
				5A3750EA296C1C0C00045E9D /* Assets.xcassets in Resources */,
			);
			runOnlyForDeploymentPostprocessing = 0;
		};
		5A3750F0296C1C0D00045E9D /* Resources */ = {
			isa = PBXResourcesBuildPhase;
			buildActionMask = 2147483647;
			files = (
			);
			runOnlyForDeploymentPostprocessing = 0;
		};
		5A3750FA296C1C0D00045E9D /* Resources */ = {
			isa = PBXResourcesBuildPhase;
			buildActionMask = 2147483647;
			files = (
			);
			runOnlyForDeploymentPostprocessing = 0;
		};
/* End PBXResourcesBuildPhase section */

/* Begin PBXSourcesBuildPhase section */
		5A3750DE296C1C0A00045E9D /* Sources */ = {
			isa = PBXSourcesBuildPhase;
			buildActionMask = 2147483647;
			files = (
				5A398828299CF48100E124BF /* PopularBrandsView.swift in Sources */,
				5A779C65299DF7F800CBA0F1 /* Constants.swift in Sources */,
				5A779C63299DF52F00CBA0F1 /* NetworkClass.swift in Sources */,
				5A765654299E3B53005BC8A3 /* BannersModel.swift in Sources */,
				5AB1707A299B92A600EC5890 /* LoginCellView.swift in Sources */,
				5A3750E8296C1C0A00045E9D /* ContentView.swift in Sources */,
				5A779C69299E291200CBA0F1 /* PopularBrandsModel.swift in Sources */,
				5ABE73F3299FAAEA00A01778 /* NearByRestaurantsModel.swift in Sources */,
				5AB17078299B567300EC5890 /* Appcolors.swift in Sources */,
				5A398826299CE6CE00E124BF /* CuisinesView.swift in Sources */,
				5AB17076299B548E00EC5890 /* DashboardView.swift in Sources */,
				5ABE73F1299F5FB700A01778 /* SearchViewController.swift in Sources */,
				5A3750E6296C1C0A00045E9D /* Eatzilla_SwiftUIApp.swift in Sources */,
				5AFCD694299A0D8F004E1C11 /* SplashView.swift in Sources */,
				5A779C67299E01D600CBA0F1 /* CuisinesModel.swift in Sources */,
				5AB1707C299BA24B00EC5890 /* UIScreen+Extension.swift in Sources */,
				5A765656299E3BB0005BC8A3 /* BannersView.swift in Sources */,
			);
			runOnlyForDeploymentPostprocessing = 0;
		};
		5A3750EE296C1C0D00045E9D /* Sources */ = {
			isa = PBXSourcesBuildPhase;
			buildActionMask = 2147483647;
			files = (
				5A3750F7296C1C0D00045E9D /* Eatzilla_SwiftUITests.swift in Sources */,
			);
			runOnlyForDeploymentPostprocessing = 0;
		};
		5A3750F8296C1C0D00045E9D /* Sources */ = {
			isa = PBXSourcesBuildPhase;
			buildActionMask = 2147483647;
			files = (
				5A375103296C1C0D00045E9D /* Eatzilla_SwiftUIUITestsLaunchTests.swift in Sources */,
				5A375101296C1C0D00045E9D /* Eatzilla_SwiftUIUITests.swift in Sources */,
			);
			runOnlyForDeploymentPostprocessing = 0;
		};
/* End PBXSourcesBuildPhase section */

/* Begin PBXTargetDependency section */
		5A3750F4296C1C0D00045E9D /* PBXTargetDependency */ = {
			isa = PBXTargetDependency;
			target = 5A3750E1296C1C0A00045E9D /* Eatzilla-SwiftUI */;
			targetProxy = 5A3750F3296C1C0D00045E9D /* PBXContainerItemProxy */;
		};
		5A3750FE296C1C0D00045E9D /* PBXTargetDependency */ = {
			isa = PBXTargetDependency;
			target = 5A3750E1296C1C0A00045E9D /* Eatzilla-SwiftUI */;
			targetProxy = 5A3750FD296C1C0D00045E9D /* PBXContainerItemProxy */;
		};
/* End PBXTargetDependency section */

/* Begin XCBuildConfiguration section */
		5A375104296C1C0D00045E9D /* Debug */ = {
			isa = XCBuildConfiguration;
			buildSettings = {
				ALWAYS_SEARCH_USER_PATHS = NO;
				CLANG_ANALYZER_NONNULL = YES;
				CLANG_ANALYZER_NUMBER_OBJECT_CONVERSION = YES_AGGRESSIVE;
				CLANG_CXX_LANGUAGE_STANDARD = "gnu++20";
				CLANG_ENABLE_MODULES = YES;
				CLANG_ENABLE_OBJC_ARC = YES;
				CLANG_ENABLE_OBJC_WEAK = YES;
				CLANG_WARN_BLOCK_CAPTURE_AUTORELEASING = YES;
				CLANG_WARN_BOOL_CONVERSION = YES;
				CLANG_WARN_COMMA = YES;
				CLANG_WARN_CONSTANT_CONVERSION = YES;
				CLANG_WARN_DEPRECATED_OBJC_IMPLEMENTATIONS = YES;
				CLANG_WARN_DIRECT_OBJC_ISA_USAGE = YES_ERROR;
				CLANG_WARN_DOCUMENTATION_COMMENTS = YES;
				CLANG_WARN_EMPTY_BODY = YES;
				CLANG_WARN_ENUM_CONVERSION = YES;
				CLANG_WARN_INFINITE_RECURSION = YES;
				CLANG_WARN_INT_CONVERSION = YES;
				CLANG_WARN_NON_LITERAL_NULL_CONVERSION = YES;
				CLANG_WARN_OBJC_IMPLICIT_RETAIN_SELF = YES;
				CLANG_WARN_OBJC_LITERAL_CONVERSION = YES;
				CLANG_WARN_OBJC_ROOT_CLASS = YES_ERROR;
				CLANG_WARN_QUOTED_INCLUDE_IN_FRAMEWORK_HEADER = YES;
				CLANG_WARN_RANGE_LOOP_ANALYSIS = YES;
				CLANG_WARN_STRICT_PROTOTYPES = YES;
				CLANG_WARN_SUSPICIOUS_MOVE = YES;
				CLANG_WARN_UNGUARDED_AVAILABILITY = YES_AGGRESSIVE;
				CLANG_WARN_UNREACHABLE_CODE = YES;
				CLANG_WARN__DUPLICATE_METHOD_MATCH = YES;
				COPY_PHASE_STRIP = NO;
				DEBUG_INFORMATION_FORMAT = dwarf;
				ENABLE_STRICT_OBJC_MSGSEND = YES;
				ENABLE_TESTABILITY = YES;
				GCC_C_LANGUAGE_STANDARD = gnu11;
				GCC_DYNAMIC_NO_PIC = NO;
				GCC_NO_COMMON_BLOCKS = YES;
				GCC_OPTIMIZATION_LEVEL = 0;
				GCC_PREPROCESSOR_DEFINITIONS = (
					"DEBUG=1",
					"$(inherited)",
				);
				GCC_WARN_64_TO_32_BIT_CONVERSION = YES;
				GCC_WARN_ABOUT_RETURN_TYPE = YES_ERROR;
				GCC_WARN_UNDECLARED_SELECTOR = YES;
				GCC_WARN_UNINITIALIZED_AUTOS = YES_AGGRESSIVE;
				GCC_WARN_UNUSED_FUNCTION = YES;
				GCC_WARN_UNUSED_VARIABLE = YES;
				IPHONEOS_DEPLOYMENT_TARGET = 16.2;
				MTL_ENABLE_DEBUG_INFO = INCLUDE_SOURCE;
				MTL_FAST_MATH = YES;
				ONLY_ACTIVE_ARCH = YES;
				SDKROOT = iphoneos;
				SWIFT_ACTIVE_COMPILATION_CONDITIONS = DEBUG;
				SWIFT_OPTIMIZATION_LEVEL = "-Onone";
			};
			name = Debug;
		};
		5A375105296C1C0D00045E9D /* Release */ = {
			isa = XCBuildConfiguration;
			buildSettings = {
				ALWAYS_SEARCH_USER_PATHS = NO;
				CLANG_ANALYZER_NONNULL = YES;
				CLANG_ANALYZER_NUMBER_OBJECT_CONVERSION = YES_AGGRESSIVE;
				CLANG_CXX_LANGUAGE_STANDARD = "gnu++20";
				CLANG_ENABLE_MODULES = YES;
				CLANG_ENABLE_OBJC_ARC = YES;
				CLANG_ENABLE_OBJC_WEAK = YES;
				CLANG_WARN_BLOCK_CAPTURE_AUTORELEASING = YES;
				CLANG_WARN_BOOL_CONVERSION = YES;
				CLANG_WARN_COMMA = YES;
				CLANG_WARN_CONSTANT_CONVERSION = YES;
				CLANG_WARN_DEPRECATED_OBJC_IMPLEMENTATIONS = YES;
				CLANG_WARN_DIRECT_OBJC_ISA_USAGE = YES_ERROR;
				CLANG_WARN_DOCUMENTATION_COMMENTS = YES;
				CLANG_WARN_EMPTY_BODY = YES;
				CLANG_WARN_ENUM_CONVERSION = YES;
				CLANG_WARN_INFINITE_RECURSION = YES;
				CLANG_WARN_INT_CONVERSION = YES;
				CLANG_WARN_NON_LITERAL_NULL_CONVERSION = YES;
				CLANG_WARN_OBJC_IMPLICIT_RETAIN_SELF = YES;
				CLANG_WARN_OBJC_LITERAL_CONVERSION = YES;
				CLANG_WARN_OBJC_ROOT_CLASS = YES_ERROR;
				CLANG_WARN_QUOTED_INCLUDE_IN_FRAMEWORK_HEADER = YES;
				CLANG_WARN_RANGE_LOOP_ANALYSIS = YES;
				CLANG_WARN_STRICT_PROTOTYPES = YES;
				CLANG_WARN_SUSPICIOUS_MOVE = YES;
				CLANG_WARN_UNGUARDED_AVAILABILITY = YES_AGGRESSIVE;
				CLANG_WARN_UNREACHABLE_CODE = YES;
				CLANG_WARN__DUPLICATE_METHOD_MATCH = YES;
				COPY_PHASE_STRIP = NO;
				DEBUG_INFORMATION_FORMAT = "dwarf-with-dsym";
				ENABLE_NS_ASSERTIONS = NO;
				ENABLE_STRICT_OBJC_MSGSEND = YES;
				GCC_C_LANGUAGE_STANDARD = gnu11;
				GCC_NO_COMMON_BLOCKS = YES;
				GCC_WARN_64_TO_32_BIT_CONVERSION = YES;
				GCC_WARN_ABOUT_RETURN_TYPE = YES_ERROR;
				GCC_WARN_UNDECLARED_SELECTOR = YES;
				GCC_WARN_UNINITIALIZED_AUTOS = YES_AGGRESSIVE;
				GCC_WARN_UNUSED_FUNCTION = YES;
				GCC_WARN_UNUSED_VARIABLE = YES;
				IPHONEOS_DEPLOYMENT_TARGET = 16.2;
				MTL_ENABLE_DEBUG_INFO = NO;
				MTL_FAST_MATH = YES;
				SDKROOT = iphoneos;
				SWIFT_COMPILATION_MODE = wholemodule;
				SWIFT_OPTIMIZATION_LEVEL = "-O";
				VALIDATE_PRODUCT = YES;
			};
			name = Release;
		};
		5A375107296C1C0D00045E9D /* Debug */ = {
			isa = XCBuildConfiguration;
			buildSettings = {
				ASSETCATALOG_COMPILER_APPICON_NAME = AppIcon;
				ASSETCATALOG_COMPILER_GLOBAL_ACCENT_COLOR_NAME = AccentColor;
				CODE_SIGN_STYLE = Automatic;
				CURRENT_PROJECT_VERSION = 1;
				DEVELOPMENT_ASSET_PATHS = "\"Eatzilla-SwiftUI/Preview Content\"";
				DEVELOPMENT_TEAM = 6CWF679Z8N;
				ENABLE_PREVIEWS = YES;
				GENERATE_INFOPLIST_FILE = YES;
				INFOPLIST_FILE = "Eatzilla-SwiftUI/Info.plist";
				INFOPLIST_KEY_UIApplicationSceneManifest_Generation = YES;
				INFOPLIST_KEY_UIApplicationSupportsIndirectInputEvents = YES;
				INFOPLIST_KEY_UISupportedInterfaceOrientations_iPad = "UIInterfaceOrientationPortrait UIInterfaceOrientationPortraitUpsideDown UIInterfaceOrientationLandscapeLeft UIInterfaceOrientationLandscapeRight";
				INFOPLIST_KEY_UISupportedInterfaceOrientations_iPhone = "UIInterfaceOrientationPortrait UIInterfaceOrientationLandscapeLeft UIInterfaceOrientationLandscapeRight";
				IPHONEOS_DEPLOYMENT_TARGET = 14.0;
				LD_RUNPATH_SEARCH_PATHS = (
					"$(inherited)",
					"@executable_path/Frameworks",
				);
				MARKETING_VERSION = 1.0;
				PRODUCT_BUNDLE_IDENTIFIER = "com.sparkout.Eatzilla-SwiftUI";
				PRODUCT_NAME = "$(TARGET_NAME)";
				SWIFT_EMIT_LOC_STRINGS = YES;
				SWIFT_VERSION = 5.0;
				TARGETED_DEVICE_FAMILY = "1,2";
			};
			name = Debug;
		};
		5A375108296C1C0D00045E9D /* Release */ = {
			isa = XCBuildConfiguration;
			buildSettings = {
				ASSETCATALOG_COMPILER_APPICON_NAME = AppIcon;
				ASSETCATALOG_COMPILER_GLOBAL_ACCENT_COLOR_NAME = AccentColor;
				CODE_SIGN_STYLE = Automatic;
				CURRENT_PROJECT_VERSION = 1;
				DEVELOPMENT_ASSET_PATHS = "\"Eatzilla-SwiftUI/Preview Content\"";
				DEVELOPMENT_TEAM = 6CWF679Z8N;
				ENABLE_PREVIEWS = YES;
				GENERATE_INFOPLIST_FILE = YES;
				INFOPLIST_FILE = "Eatzilla-SwiftUI/Info.plist";
				INFOPLIST_KEY_UIApplicationSceneManifest_Generation = YES;
				INFOPLIST_KEY_UIApplicationSupportsIndirectInputEvents = YES;
				INFOPLIST_KEY_UISupportedInterfaceOrientations_iPad = "UIInterfaceOrientationPortrait UIInterfaceOrientationPortraitUpsideDown UIInterfaceOrientationLandscapeLeft UIInterfaceOrientationLandscapeRight";
				INFOPLIST_KEY_UISupportedInterfaceOrientations_iPhone = "UIInterfaceOrientationPortrait UIInterfaceOrientationLandscapeLeft UIInterfaceOrientationLandscapeRight";
				IPHONEOS_DEPLOYMENT_TARGET = 14.0;
				LD_RUNPATH_SEARCH_PATHS = (
					"$(inherited)",
					"@executable_path/Frameworks",
				);
				MARKETING_VERSION = 1.0;
				PRODUCT_BUNDLE_IDENTIFIER = "com.sparkout.Eatzilla-SwiftUI";
				PRODUCT_NAME = "$(TARGET_NAME)";
				SWIFT_EMIT_LOC_STRINGS = YES;
				SWIFT_VERSION = 5.0;
				TARGETED_DEVICE_FAMILY = "1,2";
			};
			name = Release;
		};
		5A37510A296C1C0D00045E9D /* Debug */ = {
			isa = XCBuildConfiguration;
			buildSettings = {
				ALWAYS_EMBED_SWIFT_STANDARD_LIBRARIES = YES;
				BUNDLE_LOADER = "$(TEST_HOST)";
				CODE_SIGN_STYLE = Automatic;
				CURRENT_PROJECT_VERSION = 1;
				DEVELOPMENT_TEAM = 6CWF679Z8N;
				GENERATE_INFOPLIST_FILE = YES;
				IPHONEOS_DEPLOYMENT_TARGET = 16.2;
				MARKETING_VERSION = 1.0;
				PRODUCT_BUNDLE_IDENTIFIER = "com.sparkout.Eatzilla-SwiftUITests";
				PRODUCT_NAME = "$(TARGET_NAME)";
				SWIFT_EMIT_LOC_STRINGS = NO;
				SWIFT_VERSION = 5.0;
				TARGETED_DEVICE_FAMILY = "1,2";
				TEST_HOST = "$(BUILT_PRODUCTS_DIR)/Eatzilla-SwiftUI.app/$(BUNDLE_EXECUTABLE_FOLDER_PATH)/Eatzilla-SwiftUI";
			};
			name = Debug;
		};
		5A37510B296C1C0D00045E9D /* Release */ = {
			isa = XCBuildConfiguration;
			buildSettings = {
				ALWAYS_EMBED_SWIFT_STANDARD_LIBRARIES = YES;
				BUNDLE_LOADER = "$(TEST_HOST)";
				CODE_SIGN_STYLE = Automatic;
				CURRENT_PROJECT_VERSION = 1;
				DEVELOPMENT_TEAM = 6CWF679Z8N;
				GENERATE_INFOPLIST_FILE = YES;
				IPHONEOS_DEPLOYMENT_TARGET = 16.2;
				MARKETING_VERSION = 1.0;
				PRODUCT_BUNDLE_IDENTIFIER = "com.sparkout.Eatzilla-SwiftUITests";
				PRODUCT_NAME = "$(TARGET_NAME)";
				SWIFT_EMIT_LOC_STRINGS = NO;
				SWIFT_VERSION = 5.0;
				TARGETED_DEVICE_FAMILY = "1,2";
				TEST_HOST = "$(BUILT_PRODUCTS_DIR)/Eatzilla-SwiftUI.app/$(BUNDLE_EXECUTABLE_FOLDER_PATH)/Eatzilla-SwiftUI";
			};
			name = Release;
		};
		5A37510D296C1C0D00045E9D /* Debug */ = {
			isa = XCBuildConfiguration;
			buildSettings = {
				ALWAYS_EMBED_SWIFT_STANDARD_LIBRARIES = YES;
				CODE_SIGN_STYLE = Automatic;
				CURRENT_PROJECT_VERSION = 1;
				DEVELOPMENT_TEAM = 6CWF679Z8N;
				GENERATE_INFOPLIST_FILE = YES;
				MARKETING_VERSION = 1.0;
				PRODUCT_BUNDLE_IDENTIFIER = "com.sparkout.Eatzilla-SwiftUIUITests";
				PRODUCT_NAME = "$(TARGET_NAME)";
				SWIFT_EMIT_LOC_STRINGS = NO;
				SWIFT_VERSION = 5.0;
				TARGETED_DEVICE_FAMILY = "1,2";
				TEST_TARGET_NAME = "Eatzilla-SwiftUI";
			};
			name = Debug;
		};
		5A37510E296C1C0D00045E9D /* Release */ = {
			isa = XCBuildConfiguration;
			buildSettings = {
				ALWAYS_EMBED_SWIFT_STANDARD_LIBRARIES = YES;
				CODE_SIGN_STYLE = Automatic;
				CURRENT_PROJECT_VERSION = 1;
				DEVELOPMENT_TEAM = 6CWF679Z8N;
				GENERATE_INFOPLIST_FILE = YES;
				MARKETING_VERSION = 1.0;
				PRODUCT_BUNDLE_IDENTIFIER = "com.sparkout.Eatzilla-SwiftUIUITests";
				PRODUCT_NAME = "$(TARGET_NAME)";
				SWIFT_EMIT_LOC_STRINGS = NO;
				SWIFT_VERSION = 5.0;
				TARGETED_DEVICE_FAMILY = "1,2";
				TEST_TARGET_NAME = "Eatzilla-SwiftUI";
			};
			name = Release;
		};
/* End XCBuildConfiguration section */

/* Begin XCConfigurationList section */
		5A3750DD296C1C0900045E9D /* Build configuration list for PBXProject "Eatzilla-SwiftUI" */ = {
			isa = XCConfigurationList;
			buildConfigurations = (
				5A375104296C1C0D00045E9D /* Debug */,
				5A375105296C1C0D00045E9D /* Release */,
			);
			defaultConfigurationIsVisible = 0;
			defaultConfigurationName = Release;
		};
		5A375106296C1C0D00045E9D /* Build configuration list for PBXNativeTarget "Eatzilla-SwiftUI" */ = {
			isa = XCConfigurationList;
			buildConfigurations = (
				5A375107296C1C0D00045E9D /* Debug */,
				5A375108296C1C0D00045E9D /* Release */,
			);
			defaultConfigurationIsVisible = 0;
			defaultConfigurationName = Release;
		};
		5A375109296C1C0D00045E9D /* Build configuration list for PBXNativeTarget "Eatzilla-SwiftUITests" */ = {
			isa = XCConfigurationList;
			buildConfigurations = (
				5A37510A296C1C0D00045E9D /* Debug */,
				5A37510B296C1C0D00045E9D /* Release */,
			);
			defaultConfigurationIsVisible = 0;
			defaultConfigurationName = Release;
		};
		5A37510C296C1C0D00045E9D /* Build configuration list for PBXNativeTarget "Eatzilla-SwiftUIUITests" */ = {
			isa = XCConfigurationList;
			buildConfigurations = (
				5A37510D296C1C0D00045E9D /* Debug */,
				5A37510E296C1C0D00045E9D /* Release */,
			);
			defaultConfigurationIsVisible = 0;
			defaultConfigurationName = Release;
		};
/* End XCConfigurationList section */
	};
	rootObject = 5A3750DA296C1C0900045E9D /* Project object */;
}
